
Microsoft Visual Studio Solution File, Format Version 11.00
# Visual Studio 2010
Project("{FAE04EC0-301F-11D3-BF4B-00C04F79EFBC}") = "UnityEngine.TestRunner", "UnityEngine.TestRunner.csproj", "{f9bfb101-ebf8-da01-b770-0788e04f46bd}"
EndProject
Project("{FAE04EC0-301F-11D3-BF4B-00C04F79EFBC}") = "Unity.Timeline", "Unity.Timeline.csproj", "{abcf71aa-0e42-67e8-0666-4f0f82b56279}"
EndProject
Project("{FAE04EC0-301F-11D3-BF4B-00C04F79EFBC}") = "UnityEngine.UI", "UnityEngine.UI.csproj", "{a72cac03-01af-34fe-84b6-7ce92cf47147}"
EndProject
Project("{FAE04EC0-301F-11D3-BF4B-00C04F79EFBC}") = "Unity.TextMeshPro", "Unity.TextMeshPro.csproj", "{f2ab7533-b5bc-3fbc-d583-0fe77c66c37c}"
EndProject
Project("{FAE04EC0-301F-11D3-BF4B-00C04F79EFBC}") = "Assembly-CSharp", "Assembly-CSharp.csproj", "{e6bdc332-25e1-2831-82c1-25d0441455a3}"
EndProject
Project("{FAE04EC0-301F-11D3-BF4B-00C04F79EFBC}") = "UnityEditor.TestRunner", "UnityEditor.TestRunner.csproj", "{907504a3-bb38-b1cc-c01d-c771027f8920}"
EndProject
Project("{FAE04EC0-301F-11D3-BF4B-00C04F79EFBC}") = "Unity.PlasticSCM.Editor", "Unity.PlasticSCM.Editor.csproj", "{686a1bd9-51cc-dfee-eecd-a582294ed2e9}"
EndProject
Project("{FAE04EC0-301F-11D3-BF4B-00C04F79EFBC}") = "UnityEditor.UI", "UnityEditor.UI.csproj", "{6a017c06-df9b-ce7d-2e59-c851bcb7cd88}"
EndProject
Project("{FAE04EC0-301F-11D3-BF4B-00C04F79EFBC}") = "Unity.Services.Core.Editor", "Unity.Services.Core.Editor.csproj", "{1abb85fb-a775-7ba1-ab84-2bd94e550d1d}"
EndProject
Project("{FAE04EC0-301F-11D3-BF4B-00C04F79EFBC}") = "Unity.Timeline.Editor", "Unity.Timeline.Editor.csproj", "{434cc59d-d150-eb95-bb01-5c3160e083a4}"
EndProject
Project("{FAE04EC0-301F-11D3-BF4B-00C04F79EFBC}") = "Unity.VisualStudio.Editor", "Unity.VisualStudio.Editor.csproj", "{350f25a5-1813-4425-dd4c-5c2fc4147c97}"
EndProject
Project("{FAE04EC0-301F-11D3-BF4B-00C04F79EFBC}") = "Unity.TextMeshPro.Editor", "Unity.TextMeshPro.Editor.csproj", "{560701ab-18d9-42ea-906f-0fd15891eda7}"
EndProject
Project("{FAE04EC0-301F-11D3-BF4B-00C04F79EFBC}") = "Unity.CollabProxy.Editor", "Unity.CollabProxy.Editor.csproj", "{ab607c16-6dab-ed7e-beb2-efa64d7c53b6}"
EndProject
Project("{FAE04EC0-301F-11D3-BF4B-00C04F79EFBC}") = "Unity.Rider.Editor", "Unity.Rider.Editor.csproj", "{8985169b-5633-b501-b9f7-335c1615cd9e}"
EndProject
Project("{FAE04EC0-301F-11D3-BF4B-00C04F79EFBC}") = "Unity.VSCode.Editor", "Unity.VSCode.Editor.csproj", "{5f75d486-ec5c-b49b-cff1-41db8cad4a63}"
EndProject
Project("{FAE04EC0-301F-11D3-BF4B-00C04F79EFBC}") = "UnityEngine.TestRunner", "UnityEngine.TestRunner.Player.csproj", "{9744cc8d-ccf8-3e28-a391-57afec9f6136}"
EndProject
Project("{FAE04EC0-301F-11D3-BF4B-00C04F79EFBC}") = "Unity.Timeline", "Unity.Timeline.Player.csproj", "{df7e1eaf-acb1-5793-e8d2-99bce54a8c87}"
EndProject
Project("{FAE04EC0-301F-11D3-BF4B-00C04F79EFBC}") = "UnityEngine.UI", "UnityEngine.UI.Player.csproj", "{37fc7541-84ca-b68e-bbc7-3a725efbfeb2}"
EndProject
Project("{FAE04EC0-301F-11D3-BF4B-00C04F79EFBC}") = "Unity.TextMeshPro", "Unity.TextMeshPro.Player.csproj", "{5471c3aa-c3b4-5a41-650e-0078602c0fa1}"
EndProject
Project("{FAE04EC0-301F-11D3-BF4B-00C04F79EFBC}") = "Assembly-CSharp", "Assembly-CSharp.Player.csproj", "{93155801-cc00-e805-4bb5-de9370206819}"
EndProject
Global
	GlobalSection(SolutionConfigurationPlatforms) = preSolution
		Debug|Any CPU = Debug|Any CPU
		Release|Any CPU = Release|Any CPU
	EndGlobalSection
	GlobalSection(ProjectConfigurationPlatforms) = postSolution
		{f9bfb101-ebf8-da01-b770-0788e04f46bd}.Debug|Any CPU.ActiveCfg = Debug|Any CPU
		{f9bfb101-ebf8-da01-b770-0788e04f46bd}.Debug|Any CPU.Build.0 = Debug|Any CPU
		{f9bfb101-ebf8-da01-b770-0788e04f46bd}.Release|Any CPU.ActiveCfg = Release|Any CPU
		{f9bfb101-ebf8-da01-b770-0788e04f46bd}.Release|Any CPU.Build.0 = Release|Any CPU
		{abcf71aa-0e42-67e8-0666-4f0f82b56279}.Debug|Any CPU.ActiveCfg = Debug|Any CPU
		{abcf71aa-0e42-67e8-0666-4f0f82b56279}.Debug|Any CPU.Build.0 = Debug|Any CPU
		{abcf71aa-0e42-67e8-0666-4f0f82b56279}.Release|Any CPU.ActiveCfg = Release|Any CPU
		{abcf71aa-0e42-67e8-0666-4f0f82b56279}.Release|Any CPU.Build.0 = Release|Any CPU
		{a72cac03-01af-34fe-84b6-7ce92cf47147}.Debug|Any CPU.ActiveCfg = Debug|Any CPU
		{a72cac03-01af-34fe-84b6-7ce92cf47147}.Debug|Any CPU.Build.0 = Debug|Any CPU
		{a72cac03-01af-34fe-84b6-7ce92cf47147}.Release|Any CPU.ActiveCfg = Release|Any CPU
		{a72cac03-01af-34fe-84b6-7ce92cf47147}.Release|Any CPU.Build.0 = Release|Any CPU
		{f2ab7533-b5bc-3fbc-d583-0fe77c66c37c}.Debug|Any CPU.ActiveCfg = Debug|Any CPU
		{f2ab7533-b5bc-3fbc-d583-0fe77c66c37c}.Debug|Any CPU.Build.0 = Debug|Any CPU
		{f2ab7533-b5bc-3fbc-d583-0fe77c66c37c}.Release|Any CPU.ActiveCfg = Release|Any CPU
		{f2ab7533-b5bc-3fbc-d583-0fe77c66c37c}.Release|Any CPU.Build.0 = Release|Any CPU
		{e6bdc332-25e1-2831-82c1-25d0441455a3}.Debug|Any CPU.ActiveCfg = Debug|Any CPU
		{e6bdc332-25e1-2831-82c1-25d0441455a3}.Debug|Any CPU.Build.0 = Debug|Any CPU
		{e6bdc332-25e1-2831-82c1-25d0441455a3}.Release|Any CPU.ActiveCfg = Release|Any CPU
		{e6bdc332-25e1-2831-82c1-25d0441455a3}.Release|Any CPU.Build.0 = Release|Any CPU
		{907504a3-bb38-b1cc-c01d-c771027f8920}.Debug|Any CPU.ActiveCfg = Debug|Any CPU
		{907504a3-bb38-b1cc-c01d-c771027f8920}.Debug|Any CPU.Build.0 = Debug|Any CPU
		{907504a3-bb38-b1cc-c01d-c771027f8920}.Release|Any CPU.ActiveCfg = Release|Any CPU
		{907504a3-bb38-b1cc-c01d-c771027f8920}.Release|Any CPU.Build.0 = Release|Any CPU
		{686a1bd9-51cc-dfee-eecd-a582294ed2e9}.Debug|Any CPU.ActiveCfg = Debug|Any CPU
		{686a1bd9-51cc-dfee-eecd-a582294ed2e9}.Debug|Any CPU.Build.0 = Debug|Any CPU
		{686a1bd9-51cc-dfee-eecd-a582294ed2e9}.Release|Any CPU.ActiveCfg = Release|Any CPU
		{686a1bd9-51cc-dfee-eecd-a582294ed2e9}.Release|Any CPU.Build.0 = Release|Any CPU
		{6a017c06-df9b-ce7d-2e59-c851bcb7cd88}.Debug|Any CPU.ActiveCfg = Debug|Any CPU
		{6a017c06-df9b-ce7d-2e59-c851bcb7cd88}.Debug|Any CPU.Build.0 = Debug|Any CPU
		{6a017c06-df9b-ce7d-2e59-c851bcb7cd88}.Release|Any CPU.ActiveCfg = Release|Any CPU
		{6a017c06-df9b-ce7d-2e59-c851bcb7cd88}.Release|Any CPU.Build.0 = Release|Any CPU
		{1abb85fb-a775-7ba1-ab84-2bd94e550d1d}.Debug|Any CPU.ActiveCfg = Debug|Any CPU
		{1abb85fb-a775-7ba1-ab84-2bd94e550d1d}.Debug|Any CPU.Build.0 = Debug|Any CPU
		{1abb85fb-a775-7ba1-ab84-2bd94e550d1d}.Release|Any CPU.ActiveCfg = Release|Any CPU
		{1abb85fb-a775-7ba1-ab84-2bd94e550d1d}.Release|Any CPU.Build.0 = Release|Any CPU
		{434cc59d-d150-eb95-bb01-5c3160e083a4}.Debug|Any CPU.ActiveCfg = Debug|Any CPU
		{434cc59d-d150-eb95-bb01-5c3160e083a4}.Debug|Any CPU.Build.0 = Debug|Any CPU
		{434cc59d-d150-eb95-bb01-5c3160e083a4}.Release|Any CPU.ActiveCfg = Release|Any CPU
		{434cc59d-d150-eb95-bb01-5c3160e083a4}.Release|Any CPU.Build.0 = Release|Any CPU
		{350f25a5-1813-4425-dd4c-5c2fc4147c97}.Debug|Any CPU.ActiveCfg = Debug|Any CPU
		{350f25a5-1813-4425-dd4c-5c2fc4147c97}.Debug|Any CPU.Build.0 = Debug|Any CPU
		{350f25a5-1813-4425-dd4c-5c2fc4147c97}.Release|Any CPU.ActiveCfg = Release|Any CPU
		{350f25a5-1813-4425-dd4c-5c2fc4147c97}.Release|Any CPU.Build.0 = Release|Any CPU
		{560701ab-18d9-42ea-906f-0fd15891eda7}.Debug|Any CPU.ActiveCfg = Debug|Any CPU
		{560701ab-18d9-42ea-906f-0fd15891eda7}.Debug|Any CPU.Build.0 = Debug|Any CPU
		{560701ab-18d9-42ea-906f-0fd15891eda7}.Release|Any CPU.ActiveCfg = Release|Any CPU
		{560701ab-18d9-42ea-906f-0fd15891eda7}.Release|Any CPU.Build.0 = Release|Any CPU
		{ab607c16-6dab-ed7e-beb2-efa64d7c53b6}.Debug|Any CPU.ActiveCfg = Debug|Any CPU
		{ab607c16-6dab-ed7e-beb2-efa64d7c53b6}.Debug|Any CPU.Build.0 = Debug|Any CPU
		{ab607c16-6dab-ed7e-beb2-efa64d7c53b6}.Release|Any CPU.ActiveCfg = Release|Any CPU
		{ab607c16-6dab-ed7e-beb2-efa64d7c53b6}.Release|Any CPU.Build.0 = Release|Any CPU
		{8985169b-5633-b501-b9f7-335c1615cd9e}.Debug|Any CPU.ActiveCfg = Debug|Any CPU
		{8985169b-5633-b501-b9f7-335c1615cd9e}.Debug|Any CPU.Build.0 = Debug|Any CPU
		{8985169b-5633-b501-b9f7-335c1615cd9e}.Release|Any CPU.ActiveCfg = Release|Any CPU
		{8985169b-5633-b501-b9f7-335c1615cd9e}.Release|Any CPU.Build.0 = Release|Any CPU
		{5f75d486-ec5c-b49b-cff1-41db8cad4a63}.Debug|Any CPU.ActiveCfg = Debug|Any CPU
		{5f75d486-ec5c-b49b-cff1-41db8cad4a63}.Debug|Any CPU.Build.0 = Debug|Any CPU
		{5f75d486-ec5c-b49b-cff1-41db8cad4a63}.Release|Any CPU.ActiveCfg = Release|Any CPU
		{5f75d486-ec5c-b49b-cff1-41db8cad4a63}.Release|Any CPU.Build.0 = Release|Any CPU
		{9744cc8d-ccf8-3e28-a391-57afec9f6136}.Debug|Any CPU.ActiveCfg = Debug|Any CPU
		{9744cc8d-ccf8-3e28-a391-57afec9f6136}.Debug|Any CPU.Build.0 = Debug|Any CPU
		{9744cc8d-ccf8-3e28-a391-57afec9f6136}.Release|Any CPU.ActiveCfg = Release|Any CPU
		{9744cc8d-ccf8-3e28-a391-57afec9f6136}.Release|Any CPU.Build.0 = Release|Any CPU
		{df7e1eaf-acb1-5793-e8d2-99bce54a8c87}.Debug|Any CPU.ActiveCfg = Debug|Any CPU
		{df7e1eaf-acb1-5793-e8d2-99bce54a8c87}.Debug|Any CPU.Build.0 = Debug|Any CPU
		{df7e1eaf-acb1-5793-e8d2-99bce54a8c87}.Release|Any CPU.ActiveCfg = Release|Any CPU
		{df7e1eaf-acb1-5793-e8d2-99bce54a8c87}.Release|Any CPU.Build.0 = Release|Any CPU
		{37fc7541-84ca-b68e-bbc7-3a725efbfeb2}.Debug|Any CPU.ActiveCfg = Debug|Any CPU
		{37fc7541-84ca-b68e-bbc7-3a725efbfeb2}.Debug|Any CPU.Build.0 = Debug|Any CPU
		{37fc7541-84ca-b68e-bbc7-3a725efbfeb2}.Release|Any CPU.ActiveCfg = Release|Any CPU
		{37fc7541-84ca-b68e-bbc7-3a725efbfeb2}.Release|Any CPU.Build.0 = Release|Any CPU
		{5471c3aa-c3b4-5a41-650e-0078602c0fa1}.Debug|Any CPU.ActiveCfg = Debug|Any CPU
		{5471c3aa-c3b4-5a41-650e-0078602c0fa1}.Debug|Any CPU.Build.0 = Debug|Any CPU
		{5471c3aa-c3b4-5a41-650e-0078602c0fa1}.Release|Any CPU.ActiveCfg = Release|Any CPU
		{5471c3aa-c3b4-5a41-650e-0078602c0fa1}.Release|Any CPU.Build.0 = Release|Any CPU
		{93155801-cc00-e805-4bb5-de9370206819}.Debug|Any CPU.ActiveCfg = Debug|Any CPU
		{93155801-cc00-e805-4bb5-de9370206819}.Debug|Any CPU.Build.0 = Debug|Any CPU
		{93155801-cc00-e805-4bb5-de9370206819}.Release|Any CPU.ActiveCfg = Release|Any CPU
		{93155801-cc00-e805-4bb5-de9370206819}.Release|Any CPU.Build.0 = Release|Any CPU
	EndGlobalSection
	GlobalSection(SolutionProperties) = preSolution
		HideSolutionNode = FALSE
	EndGlobalSection
EndGlobal
